Microsoft Visual Studio Solution File, Format Version 12.00
# Visual Studio Version 16
VisualStudioVersion = 16.0.29503.13
MinimumVisualStudioVersion = 10.0.40219.1
Project("{FAE04EC0-301F-11D3-BF4B-00C04F79EFBC}") = "Signal-Windows", "Signal-Windows\Signal-Windows.csproj", "{41736A64-5B66-44AF-879A-501192A46920}"
	ProjectSection(ProjectDependencies) = postProject
		{1934FD82-A5EA-4B71-B915-A1826593CB6E} = {1934FD82-A5EA-4B71-B915-A1826593CB6E}
	EndProjectSection
EndProject
Project("{FAE04EC0-301F-11D3-BF4B-00C04F79EFBC}") = "Signal-Windows.Lib", "Signal-Windows.Lib\Signal-Windows.Lib.csproj", "{1934FD82-A5EA-4B71-B915-A1826593CB6E}"
EndProject
Project("{FAE04EC0-301F-11D3-BF4B-00C04F79EFBC}") = "Signal-Windows.RC", "Signal-Windows.RC\Signal-Windows.RC.csproj", "{F8AF07FF-395F-4BF7-84F7-D16EDE7B00DF}"
EndProject
Project("{9A19103F-16F7-4668-BE54-9A1E7A4F7556}") = "libsignal-service-dotnet", "..\libsignal-service-dotnet\libsignal-service-dotnet\libsignal-service-dotnet.csproj", "{E9A53462-4F57-4A4B-BCF8-7954C6F53E27}"
EndProject
Global
	GlobalSection(SolutionConfigurationPlatforms) = preSolution
		Debug|Any CPU = Debug|Any CPU
		Debug|ARM = Debug|ARM
		Debug|x64 = Debug|x64
		Debug|x86 = Debug|x86
		Release|Any CPU = Release|Any CPU
		Release|ARM = Release|ARM
		Release|x64 = Release|x64
		Release|x86 = Release|x86
	EndGlobalSection
	GlobalSection(ProjectConfigurationPlatforms) = postSolution
		{41736A64-5B66-44AF-879A-501192A46920}.Debug|Any CPU.ActiveCfg = Debug|x86
		{41736A64-5B66-44AF-879A-501192A46920}.Debug|Any CPU.Build.0 = Debug|x86
		{41736A64-5B66-44AF-879A-501192A46920}.Debug|Any CPU.Deploy.0 = Debug|x86
		{41736A64-5B66-44AF-879A-501192A46920}.Debug|ARM.ActiveCfg = Debug|ARM
		{41736A64-5B66-44AF-879A-501192A46920}.Debug|ARM.Build.0 = Debug|ARM
		{41736A64-5B66-44AF-879A-501192A46920}.Debug|ARM.Deploy.0 = Debug|ARM
		{41736A64-5B66-44AF-879A-501192A46920}.Debug|x64.ActiveCfg = Debug|x64
		{41736A64-5B66-44AF-879A-501192A46920}.Debug|x64.Build.0 = Debug|x64
		{41736A64-5B66-44AF-879A-501192A46920}.Debug|x64.Deploy.0 = Debug|x64
		{41736A64-5B66-44AF-879A-501192A46920}.Debug|x86.ActiveCfg = Debug|x86
		{41736A64-5B66-44AF-879A-501192A46920}.Debug|x86.Build.0 = Debug|x86
		{41736A64-5B66-44AF-879A-501192A46920}.Debug|x86.Deploy.0 = Debug|x86
		{41736A64-5B66-44AF-879A-501192A46920}.Release|Any CPU.ActiveCfg = Release|x86
		{41736A64-5B66-44AF-879A-501192A46920}.Release|ARM.ActiveCfg = Release|ARM
		{41736A64-5B66-44AF-879A-501192A46920}.Release|ARM.Build.0 = Release|ARM
		{41736A64-5B66-44AF-879A-501192A46920}.Release|ARM.Deploy.0 = Release|ARM
		{41736A64-5B66-44AF-879A-501192A46920}.Release|x64.ActiveCfg = Release|x64
		{41736A64-5B66-44AF-879A-501192A46920}.Release|x64.Build.0 = Release|x64
		{41736A64-5B66-44AF-879A-501192A46920}.Release|x64.Deploy.0 = Release|x64
		{41736A64-5B66-44AF-879A-501192A46920}.Release|x86.ActiveCfg = Release|x86
		{41736A64-5B66-44AF-879A-501192A46920}.Release|x86.Build.0 = Release|x86
		{41736A64-5B66-44AF-879A-501192A46920}.Release|x86.Deploy.0 = Release|x86
		{1934FD82-A5EA-4B71-B915-A1826593CB6E}.Debug|Any CPU.ActiveCfg = Debug|Any CPU
		{1934FD82-A5EA-4B71-B915-A1826593CB6E}.Debug|Any CPU.Build.0 = Debug|Any CPU
		{1934FD82-A5EA-4B71-B915-A1826593CB6E}.Debug|ARM.ActiveCfg = Debug|ARM
		{1934FD82-A5EA-4B71-B915-A1826593CB6E}.Debug|ARM.Build.0 = Debug|ARM
		{1934FD82-A5EA-4B71-B915-A1826593CB6E}.Debug|x64.ActiveCfg = Debug|x64
		{1934FD82-A5EA-4B71-B915-A1826593CB6E}.Debug|x64.Build.0 = Debug|x64
		{1934FD82-A5EA-4B71-B915-A1826593CB6E}.Debug|x86.ActiveCfg = Debug|x86
		{1934FD82-A5EA-4B71-B915-A1826593CB6E}.Debug|x86.Build.0 = Debug|x86
		{1934FD82-A5EA-4B71-B915-A1826593CB6E}.Release|Any CPU.ActiveCfg = Release|Any CPU
		{1934FD82-A5EA-4B71-B915-A1826593CB6E}.Release|Any CPU.Build.0 = Release|Any CPU
		{1934FD82-A5EA-4B71-B915-A1826593CB6E}.Release|ARM.ActiveCfg = Release|ARM
		{1934FD82-A5EA-4B71-B915-A1826593CB6E}.Release|ARM.Build.0 = Release|ARM
		{1934FD82-A5EA-4B71-B915-A1826593CB6E}.Release|x64.ActiveCfg = Release|x64
		{1934FD82-A5EA-4B71-B915-A1826593CB6E}.Release|x64.Build.0 = Release|x64
		{1934FD82-A5EA-4B71-B915-A1826593CB6E}.Release|x86.ActiveCfg = Release|x86
		{1934FD82-A5EA-4B71-B915-A1826593CB6E}.Release|x86.Build.0 = Release|x86
		{F8AF07FF-395F-4BF7-84F7-D16EDE7B00DF}.Debug|Any CPU.ActiveCfg = Debug|Any CPU
		{F8AF07FF-395F-4BF7-84F7-D16EDE7B00DF}.Debug|Any CPU.Build.0 = Debug|Any CPU
		{F8AF07FF-395F-4BF7-84F7-D16EDE7B00DF}.Debug|ARM.ActiveCfg = Debug|ARM
		{F8AF07FF-395F-4BF7-84F7-D16EDE7B00DF}.Debug|ARM.Build.0 = Debug|ARM
		{F8AF07FF-395F-4BF7-84F7-D16EDE7B00DF}.Debug|x64.ActiveCfg = Debug|x64
		{F8AF07FF-395F-4BF7-84F7-D16EDE7B00DF}.Debug|x64.Build.0 = Debug|x64
		{F8AF07FF-395F-4BF7-84F7-D16EDE7B00DF}.Debug|x86.ActiveCfg = Debug|x86
		{F8AF07FF-395F-4BF7-84F7-D16EDE7B00DF}.Debug|x86.Build.0 = Debug|x86
		{F8AF07FF-395F-4BF7-84F7-D16EDE7B00DF}.Release|Any CPU.ActiveCfg = Release|Any CPU
		{F8AF07FF-395F-4BF7-84F7-D16EDE7B00DF}.Release|Any CPU.Build.0 = Release|Any CPU
		{F8AF07FF-395F-4BF7-84F7-D16EDE7B00DF}.Release|ARM.ActiveCfg = Release|ARM
		{F8AF07FF-395F-4BF7-84F7-D16EDE7B00DF}.Release|ARM.Build.0 = Release|ARM
		{F8AF07FF-395F-4BF7-84F7-D16EDE7B00DF}.Release|x64.ActiveCfg = Release|x64
		{F8AF07FF-395F-4BF7-84F7-D16EDE7B00DF}.Release|x64.Build.0 = Release|x64
		{F8AF07FF-395F-4BF7-84F7-D16EDE7B00DF}.Release|x86.ActiveCfg = Release|x86
		{F8AF07FF-395F-4BF7-84F7-D16EDE7B00DF}.Release|x86.Build.0 = Release|x86
		{E9A53462-4F57-4A4B-BCF8-7954C6F53E27}.Debug|Any CPU.ActiveCfg = Debug|Any CPU
		{E9A53462-4F57-4A4B-BCF8-7954C6F53E27}.Debug|Any CPU.Build.0 = Debug|Any CPU
		{E9A53462-4F57-4A4B-BCF8-7954C6F53E27}.Debug|ARM.ActiveCfg = Debug|Any CPU
		{E9A53462-4F57-4A4B-BCF8-7954C6F53E27}.Debug|ARM.Build.0 = Debug|Any CPU
		{E9A53462-4F57-4A4B-BCF8-7954C6F53E27}.Debug|x64.ActiveCfg = Debug|Any CPU
		{E9A53462-4F57-4A4B-BCF8-7954C6F53E27}.Debug|x64.Build.0 = Debug|Any CPU
		{E9A53462-4F57-4A4B-BCF8-7954C6F53E27}.Debug|x86.ActiveCfg = Debug|Any CPU
		{E9A53462-4F57-4A4B-BCF8-7954C6F53E27}.Debug|x86.Build.0 = Debug|Any CPU
		{E9A53462-4F57-4A4B-BCF8-7954C6F53E27}.Release|Any CPU.ActiveCfg = Release|Any CPU
		{E9A53462-4F57-4A4B-BCF8-7954C6F53E27}.Release|Any CPU.Build.0 = Release|Any CPU
		{E9A53462-4F57-4A4B-BCF8-7954C6F53E27}.Release|ARM.ActiveCfg = Release|Any CPU
		{E9A53462-4F57-4A4B-BCF8-7954C6F53E27}.Release|ARM.Build.0 = Release|Any CPU
		{E9A53462-4F57-4A4B-BCF8-7954C6F53E27}.Release|x64.ActiveCfg = Release|Any CPU
		{E9A53462-4F57-4A4B-BCF8-7954C6F53E27}.Release|x64.Build.0 = Release|Any CPU
		{E9A53462-4F57-4A4B-BCF8-7954C6F53E27}.Release|x86.ActiveCfg = Release|Any CPU
		{E9A53462-4F57-4A4B-BCF8-7954C6F53E27}.Release|x86.Build.0 = Release|Any CPU
	EndGlobalSection
	GlobalSection(SolutionProperties) = preSolution
		HideSolutionNode = FALSE
	EndGlobalSection
	GlobalSection(ExtensibilityGlobals) = postSolution
		SolutionGuid = {6C980B4F-4E4C-422E-A06F-1FB4A091E952}
	EndGlobalSection
EndGlobal
